
Microsoft Visual Studio Solution File, Format Version 12.00
# Visual Studio Version 17
VisualStudioVersion = 17.4.33213.308
MinimumVisualStudioVersion = 10.0.40219.1
Project("{FAE04EC0-301F-11D3-BF4B-00C04F79EFBC}") = "ToDoList", "ToDoList\ToDoList.csproj", "{EAC20B7B-C42B-45C2-B3B7-A5C55BA4CABA}"
EndProject
Global
	GlobalSection(SolutionConfigurationPlatforms) = preSolution
		Debug|Any CPU = Debug|Any CPU
		Release|Any CPU = Release|Any CPU
	EndGlobalSection
	GlobalSection(ProjectConfigurationPlatforms) = postSolution
		{EAC20B7B-C42B-45C2-B3B7-A5C55BA4CABA}.Debug|Any CPU.ActiveCfg = Debug|Any CPU
		{EAC20B7B-C42B-45C2-B3B7-A5C55BA4CABA}.Debug|Any CPU.Build.0 = Debug|Any CPU
		{EAC20B7B-C42B-45C2-B3B7-A5C55BA4CABA}.Release|Any CPU.ActiveCfg = Release|Any CPU
		{EAC20B7B-C42B-45C2-B3B7-A5C55BA4CABA}.Release|Any CPU.Build.0 = Release|Any CPU
	EndGlobalSection
	GlobalSection(SolutionProperties) = preSolution
		HideSolutionNode = FALSE
	EndGlobalSection
	GlobalSection(ExtensibilityGlobals) = postSolution
		SolutionGuid = {6734BC50-7537-48CA-9C65-A22FD13069A0}
	EndGlobalSection
EndGlobal
